
Microsoft Visual Studio Solution File, Format Version 12.00
# Visual Studio 17.6
VisualStudioVersion = 17.6.3.9
MinimumVisualStudioVersion = 10.0.40219.1
Project("{FAE04EC0-301F-11D3-BF4B-00C04F79EFBC}") = "dpaw-alerts", "dpaw-alerts\dpaw-alerts.csproj", "{1181D2FB-50FA-4599-864F-6AFD99935D4F}"
EndProject
Global
	GlobalSection(SolutionConfigurationPlatforms) = preSolution
		Debug|Any CPU = Debug|Any CPU
		Release|Any CPU = Release|Any CPU
	EndGlobalSection
	GlobalSection(ProjectConfigurationPlatforms) = postSolution
		{1181D2FB-50FA-4599-864F-6AFD99935D4F}.Debug|Any CPU.ActiveCfg = Debug|Any CPU
		{1181D2FB-50FA-4599-864F-6AFD99935D4F}.Release|Any CPU.ActiveCfg = Release|Any CPU
		{1181D2FB-50FA-4599-864F-6AFD99935D4F}.Release|Any CPU.Build.0 = Release|Any CPU
		{1181D2FB-50FA-4599-864F-6AFD99935D4F}.Debug|Any CPU.Build.0 = Debug|Any CPU
	EndGlobalSection
	GlobalSection(SolutionProperties) = preSolution
		HideSolutionNode = FALSE
	EndGlobalSection
EndGlobal
